
Microsoft Visual Studio Solution File, Format Version 12.00
# Visual Studio Version 17
VisualStudioVersion = 17.4.33213.308
MinimumVisualStudioVersion = 10.0.40219.1
Project("{FAE04EC0-301F-11D3-BF4B-00C04F79EFBC}") = "CMP1903M A01 2223", "CMP1903M A01 2223\CMP1903M A01 2223.csproj", "{FB47F153-C0C7-4345-9CCA-07E7473AC0A0}"
EndProject
Global
	GlobalSection(SolutionConfigurationPlatforms) = preSolution
		Debug|Any CPU = Debug|Any CPU
		Release|Any CPU = Release|Any CPU
	EndGlobalSection
	GlobalSection(ProjectConfigurationPlatforms) = postSolution
		{FB47F153-C0C7-4345-9CCA-07E7473AC0A0}.Debug|Any CPU.ActiveCfg = Debug|Any CPU
		{FB47F153-C0C7-4345-9CCA-07E7473AC0A0}.Debug|Any CPU.Build.0 = Debug|Any CPU
		{FB47F153-C0C7-4345-9CCA-07E7473AC0A0}.Release|Any CPU.ActiveCfg = Release|Any CPU
		{FB47F153-C0C7-4345-9CCA-07E7473AC0A0}.Release|Any CPU.Build.0 = Release|Any CPU
	EndGlobalSection
	GlobalSection(SolutionProperties) = preSolution
		HideSolutionNode = FALSE
	EndGlobalSection
	GlobalSection(ExtensibilityGlobals) = postSolution
		SolutionGuid = {AE6F06CB-AA08-4BE5-9C2E-F29034965D0F}
	EndGlobalSection
EndGlobal
